
Microsoft Visual Studio Solution File, Format Version 12.00
# Visual Studio Version 17
VisualStudioVersion = 17.0.31808.319
MinimumVisualStudioVersion = 10.0.40219.1
Project("{9A19103F-16F7-4668-BE54-9A1E7A4F7556}") = "Server", "Server.csproj", "{E724C1D3-AFD4-49EB-8596-701A790D44F2}"
EndProject
Project("{FAE04EC0-301F-11D3-BF4B-00C04F79EFBC}") = "Test", "..\Test\Test.csproj", "{52626B61-5687-4098-B5A6-C4E68276748B}"
EndProject
Global
	GlobalSection(SolutionConfigurationPlatforms) = preSolution
		Debug|Any CPU = Debug|Any CPU
		Release|Any CPU = Release|Any CPU
	EndGlobalSection
	GlobalSection(ProjectConfigurationPlatforms) = postSolution
		{E724C1D3-AFD4-49EB-8596-701A790D44F2}.Debug|Any CPU.ActiveCfg = Debug|Any CPU
		{E724C1D3-AFD4-49EB-8596-701A790D44F2}.Debug|Any CPU.Build.0 = Debug|Any CPU
		{E724C1D3-AFD4-49EB-8596-701A790D44F2}.Release|Any CPU.ActiveCfg = Release|Any CPU
		{E724C1D3-AFD4-49EB-8596-701A790D44F2}.Release|Any CPU.Build.0 = Release|Any CPU
		{52626B61-5687-4098-B5A6-C4E68276748B}.Debug|Any CPU.ActiveCfg = Debug|Any CPU
		{52626B61-5687-4098-B5A6-C4E68276748B}.Debug|Any CPU.Build.0 = Debug|Any CPU
		{52626B61-5687-4098-B5A6-C4E68276748B}.Release|Any CPU.ActiveCfg = Release|Any CPU
		{52626B61-5687-4098-B5A6-C4E68276748B}.Release|Any CPU.Build.0 = Release|Any CPU
	EndGlobalSection
	GlobalSection(SolutionProperties) = preSolution
		HideSolutionNode = FALSE
	EndGlobalSection
	GlobalSection(ExtensibilityGlobals) = postSolution
		SolutionGuid = {F5CB1129-8BB3-4896-BE09-22A3E80ADAB6}
	EndGlobalSection
EndGlobal
